{
  "name": "minecraft-status-led",
  "version": "1.0.0",
  "lockfileVersion": 1,
  "requires": true,
  "dependencies": {
    "ansi-styles": {
      "version": "5.1.0",
      "resolved": "https://registry.npmjs.org/ansi-styles/-/ansi-styles-5.1.0.tgz",
      "integrity": "sha512-osxifZo3ar56+e8tdYreU6p8FZGciBHo5O0JoDAxMUqZuyNUb+yHEwYtJZ+Z32R459jEgtwVf1u8D7qYwU0l6w=="
    },
    "dotenv": {
      "version": "8.2.0",
      "resolved": "https://registry.npmjs.org/dotenv/-/dotenv-8.2.0.tgz",
      "integrity": "sha512-8sJ78ElpbDJBHNeBzUbUVLsqKdccaa/BXF1uPTw3GrvQTBgrQrtObr2mUrE38vzYd8cEv+m/JBfDLioYcfXoaw=="
    },
    "minecraft-server-util": {
      "version": "3.4.3",
      "resolved": "https://registry.npmjs.org/minecraft-server-util/-/minecraft-server-util-3.4.3.tgz",
      "integrity": "sha512-fYGmICft3ljTYsiqEIINi23gywR4LFXQLEMYKr+OAwWs2KjuLJIo/3N11lW21pkiRcFpYghbjY1V23H1MaukhQ==",
      "requires": {
        "ansi-styles": "^5.0.0"
      }
    },
    "node-addon-api": {
      "version": "3.1.0",
      "resolved": "https://registry.npmjs.org/node-addon-api/-/node-addon-api-3.1.0.tgz",
      "integrity": "sha512-flmrDNB06LIl5lywUz7YlNGZH/5p0M7W28k8hzd9Lshtdh1wshD2Y+U4h9LD6KObOy1f+fEVdgprPrEymjM5uw=="
    },
    "rpi-ws281x-native": {
      "version": "0.10.2",
      "resolved": "https://registry.npmjs.org/rpi-ws281x-native/-/rpi-ws281x-native-0.10.2.tgz",
      "integrity": "sha512-ZP4ZD4k0gp7QSpN+V9mjruoZutJZp25VlFFHs6HHIISgdyDZqdTH83k4CciFm+btpc7nC92eQP0eWhQWZMBtOw==",
      "requires": {
        "node-addon-api": "^3.0.0"
      }
    }
  }
}
